// !$*UTF8*$!
{
	archiveVersion = 1;
	classes = {
	};
	objectVersion = 51;
	objects = {

/* Begin PBXBuildFile section */
		258F63316409E2BEAA91F280 /* Pods_NetWork_Example.framework in Frameworks */ = {isa = PBXBuildFile; fileRef = CF0959A0413E1924C9BEF813 /* Pods_NetWork_Example.framework */; };
		2D18DDBA23559CC4001A5D95 /* AppDelegate.m in Sources */ = {isa = PBXBuildFile; fileRef = 2D18DDB923559CC4001A5D95 /* AppDelegate.m */; };
		2D18DDC023559CC4001A5D95 /* ViewController.m in Sources */ = {isa = PBXBuildFile; fileRef = 2D18DDBF23559CC4001A5D95 /* ViewController.m */; };
		2D18DDC323559CC4001A5D95 /* Main.storyboard in Resources */ = {isa = PBXBuildFile; fileRef = 2D18DDC123559CC4001A5D95 /* Main.storyboard */; };
		2D18DDC523559CC7001A5D95 /* Assets.xcassets in Resources */ = {isa = PBXBuildFile; fileRef = 2D18DDC423559CC7001A5D95 /* Assets.xcassets */; };
		2D18DDC823559CC7001A5D95 /* LaunchScreen.storyboard in Resources */ = {isa = PBXBuildFile; fileRef = 2D18DDC623559CC7001A5D95 /* LaunchScreen.storyboard */; };
		2D18DDCB23559CC7001A5D95 /* main.m in Sources */ = {isa = PBXBuildFile; fileRef = 2D18DDCA23559CC7001A5D95 /* main.m */; };
		2D18DE4C23559FCD001A5D95 /* LLRouterController.m in Sources */ = {isa = PBXBuildFile; fileRef = 2D18DE4B23559FCD001A5D95 /* LLRouterController.m */; };
		2DD4C96E2B88A351002D09E8 /* GreenCloudServer.m in Sources */ = {isa = PBXBuildFile; fileRef = 2DD4C96D2B88A351002D09E8 /* GreenCloudServer.m */; };
		2DFE42FC2B877D7400D6C702 /* LLResponseFormatter.m in Sources */ = {isa = PBXBuildFile; fileRef = 2DFE42BB2B877D7400D6C702 /* LLResponseFormatter.m */; };
		2DFE42FD2B877D7400D6C702 /* NSString+NetResponseVerify.m in Sources */ = {isa = PBXBuildFile; fileRef = 2DFE42BC2B877D7400D6C702 /* NSString+NetResponseVerify.m */; };
		2DFE42FE2B877D7400D6C702 /* LLSignatureGenerator.m in Sources */ = {isa = PBXBuildFile; fileRef = 2DFE42C02B877D7400D6C702 /* LLSignatureGenerator.m */; };
		2DFE43002B877D7400D6C702 /* LLRequestRetryHandler.m in Sources */ = {isa = PBXBuildFile; fileRef = 2DFE42C32B877D7400D6C702 /* LLRequestRetryHandler.m */; };
		2DFE43012B877D7400D6C702 /* LLRequestDispatch.m in Sources */ = {isa = PBXBuildFile; fileRef = 2DFE42C62B877D7400D6C702 /* LLRequestDispatch.m */; };
		2DFE43022B877D7400D6C702 /* LLAppContext.m in Sources */ = {isa = PBXBuildFile; fileRef = 2DFE42C82B877D7400D6C702 /* LLAppContext.m */; };
		2DFE43032B877D7400D6C702 /* LLBaseRequestModel.m in Sources */ = {isa = PBXBuildFile; fileRef = 2DFE42C92B877D7400D6C702 /* LLBaseRequestModel.m */; };
		2DFE43042B877D7400D6C702 /* responseFormat.plist in Resources */ = {isa = PBXBuildFile; fileRef = 2DFE42CC2B877D7400D6C702 /* responseFormat.plist */; };
		2DFE43052B877D7400D6C702 /* HttpRequestTrace.plist in Resources */ = {isa = PBXBuildFile; fileRef = 2DFE42D02B877D7400D6C702 /* HttpRequestTrace.plist */; };
		2DFE43062B877D7400D6C702 /* HttpLog.m in Sources */ = {isa = PBXBuildFile; fileRef = 2DFE42D12B877D7400D6C702 /* HttpLog.m */; };
		2DFE43072B877D7400D6C702 /* HttpTool.m in Sources */ = {isa = PBXBuildFile; fileRef = 2DFE42D22B877D7400D6C702 /* HttpTool.m */; };
		2DFE43082B877D7400D6C702 /* LLAPIClient.m in Sources */ = {isa = PBXBuildFile; fileRef = 2DFE42D42B877D7400D6C702 /* LLAPIClient.m */; };
		2DFE43092B877D7400D6C702 /* WXServer.m in Sources */ = {isa = PBXBuildFile; fileRef = 2DFE42D92B877D7400D6C702 /* WXServer.m */; };
		2DFE430A2B877D7400D6C702 /* LLBaseServer.m in Sources */ = {isa = PBXBuildFile; fileRef = 2DFE42DB2B877D7400D6C702 /* LLBaseServer.m */; };
		2DFE430B2B877D7400D6C702 /* LLServerFactory.m in Sources */ = {isa = PBXBuildFile; fileRef = 2DFE42DC2B877D7400D6C702 /* LLServerFactory.m */; };
		2DFE430C2B877D7400D6C702 /* README.md in Resources */ = {isa = PBXBuildFile; fileRef = 2DFE42E32B877D7400D6C702 /* README.md */; };
		2DFE430D2B877D7500D6C702 /* PingFoundation.m in Sources */ = {isa = PBXBuildFile; fileRef = 2DFE42E42B877D7400D6C702 /* PingFoundation.m */; };
		2DFE430E2B877D7500D6C702 /* PingHelper.m in Sources */ = {isa = PBXBuildFile; fileRef = 2DFE42E52B877D7400D6C702 /* PingHelper.m */; };
		2DFE430F2B877D7500D6C702 /* LocalConnection.m in Sources */ = {isa = PBXBuildFile; fileRef = 2DFE42E82B877D7400D6C702 /* LocalConnection.m */; };
		2DFE43102B877D7500D6C702 /* ReachState.m in Sources */ = {isa = PBXBuildFile; fileRef = 2DFE42F12B877D7400D6C702 /* ReachState.m */; };
		2DFE43112B877D7500D6C702 /* ReachStateUnloaded.m in Sources */ = {isa = PBXBuildFile; fileRef = 2DFE42F32B877D7400D6C702 /* ReachStateUnloaded.m */; };
		2DFE43122B877D7500D6C702 /* ReachStateUnReachable.m in Sources */ = {isa = PBXBuildFile; fileRef = 2DFE42F42B877D7400D6C702 /* ReachStateUnReachable.m */; };
		2DFE43132B877D7500D6C702 /* ReachStateWWAN.m in Sources */ = {isa = PBXBuildFile; fileRef = 2DFE42F52B877D7400D6C702 /* ReachStateWWAN.m */; };
		2DFE43142B877D7500D6C702 /* ReachStateLoading.m in Sources */ = {isa = PBXBuildFile; fileRef = 2DFE42F72B877D7400D6C702 /* ReachStateLoading.m */; };
		2DFE43152B877D7500D6C702 /* FSMEngine.m in Sources */ = {isa = PBXBuildFile; fileRef = 2DFE42F82B877D7400D6C702 /* FSMEngine.m */; };
		2DFE43162B877D7500D6C702 /* FSMStateUtil.m in Sources */ = {isa = PBXBuildFile; fileRef = 2DFE42F92B877D7400D6C702 /* FSMStateUtil.m */; };
		2DFE43172B877D7500D6C702 /* ReachStateWIFI.m in Sources */ = {isa = PBXBuildFile; fileRef = 2DFE42FA2B877D7400D6C702 /* ReachStateWIFI.m */; };
		2DFE43182B877D7500D6C702 /* RealReachability.m in Sources */ = {isa = PBXBuildFile; fileRef = 2DFE42FB2B877D7400D6C702 /* RealReachability.m */; };
		2DFE431E2B877E5F00D6C702 /* LLKeyChainSaver.m in Sources */ = {isa = PBXBuildFile; fileRef = 2DFE431C2B877E5F00D6C702 /* LLKeyChainSaver.m */; };
		2DFE431F2B877E5F00D6C702 /* NSString+LLUUID.m in Sources */ = {isa = PBXBuildFile; fileRef = 2DFE431D2B877E5F00D6C702 /* NSString+LLUUID.m */; };
		2DFE43232B877FB000D6C702 /* AppleServer.m in Sources */ = {isa = PBXBuildFile; fileRef = 2DFE43222B877FB000D6C702 /* AppleServer.m */; };
/* End PBXBuildFile section */

/* Begin PBXFileReference section */
		2D18DDB523559CC4001A5D95 /* NetWork_Example.app */ = {isa = PBXFileReference; explicitFileType = wrapper.application; includeInIndex = 0; path = NetWork_Example.app; sourceTree = BUILT_PRODUCTS_DIR; };
		2D18DDB823559CC4001A5D95 /* AppDelegate.h */ = {isa = PBXFileReference; lastKnownFileType = sourcecode.c.h; path = AppDelegate.h; sourceTree = "<group>"; };
		2D18DDB923559CC4001A5D95 /* AppDelegate.m */ = {isa = PBXFileReference; lastKnownFileType = sourcecode.c.objc; path = AppDelegate.m; sourceTree = "<group>"; };
		2D18DDBE23559CC4001A5D95 /* ViewController.h */ = {isa = PBXFileReference; lastKnownFileType = sourcecode.c.h; path = ViewController.h; sourceTree = "<group>"; };
		2D18DDBF23559CC4001A5D95 /* ViewController.m */ = {isa = PBXFileReference; lastKnownFileType = sourcecode.c.objc; path = ViewController.m; sourceTree = "<group>"; };
		2D18DDC223559CC4001A5D95 /* Base */ = {isa = PBXFileReference; lastKnownFileType = file.storyboard; name = Base; path = Base.lproj/Main.storyboard; sourceTree = "<group>"; };
		2D18DDC423559CC7001A5D95 /* Assets.xcassets */ = {isa = PBXFileReference; lastKnownFileType = folder.assetcatalog; path = Assets.xcassets; sourceTree = "<group>"; };
		2D18DDC723559CC7001A5D95 /* Base */ = {isa = PBXFileReference; lastKnownFileType = file.storyboard; name = Base; path = Base.lproj/LaunchScreen.storyboard; sourceTree = "<group>"; };
		2D18DDC923559CC7001A5D95 /* Info.plist */ = {isa = PBXFileReference; lastKnownFileType = text.plist.xml; path = Info.plist; sourceTree = "<group>"; };
		2D18DDCA23559CC7001A5D95 /* main.m */ = {isa = PBXFileReference; lastKnownFileType = sourcecode.c.objc; path = main.m; sourceTree = "<group>"; };
		2D18DE4A23559FCD001A5D95 /* LLRouterController.h */ = {isa = PBXFileReference; fileEncoding = 4; lastKnownFileType = sourcecode.c.h; path = LLRouterController.h; sourceTree = "<group>"; };
		2D18DE4B23559FCD001A5D95 /* LLRouterController.m */ = {isa = PBXFileReference; fileEncoding = 4; lastKnownFileType = sourcecode.c.objc; path = LLRouterController.m; sourceTree = "<group>"; };
		2DD4C96C2B88A351002D09E8 /* GreenCloudServer.h */ = {isa = PBXFileReference; fileEncoding = 4; lastKnownFileType = sourcecode.c.h; path = GreenCloudServer.h; sourceTree = "<group>"; };
		2DD4C96D2B88A351002D09E8 /* GreenCloudServer.m */ = {isa = PBXFileReference; fileEncoding = 4; lastKnownFileType = sourcecode.c.objc; path = GreenCloudServer.m; sourceTree = "<group>"; };
		2DFE42BB2B877D7400D6C702 /* LLResponseFormatter.m */ = {isa = PBXFileReference; fileEncoding = 4; lastKnownFileType = sourcecode.c.objc; path = LLResponseFormatter.m; sourceTree = "<group>"; };
		2DFE42BC2B877D7400D6C702 /* NSString+NetResponseVerify.m */ = {isa = PBXFileReference; fileEncoding = 4; lastKnownFileType = sourcecode.c.objc; path = "NSString+NetResponseVerify.m"; sourceTree = "<group>"; };
		2DFE42BD2B877D7400D6C702 /* LLRequestRetryHandler.h */ = {isa = PBXFileReference; fileEncoding = 4; lastKnownFileType = sourcecode.c.h; path = LLRequestRetryHandler.h; sourceTree = "<group>"; };
		2DFE42BE2B877D7400D6C702 /* LLRequestDispatch.h */ = {isa = PBXFileReference; fileEncoding = 4; lastKnownFileType = sourcecode.c.h; path = LLRequestDispatch.h; sourceTree = "<group>"; };
		2DFE42BF2B877D7400D6C702 /* LLAppContext.h */ = {isa = PBXFileReference; fileEncoding = 4; lastKnownFileType = sourcecode.c.h; path = LLAppContext.h; sourceTree = "<group>"; };
		2DFE42C02B877D7400D6C702 /* LLSignatureGenerator.m */ = {isa = PBXFileReference; fileEncoding = 4; lastKnownFileType = sourcecode.c.objc; path = LLSignatureGenerator.m; sourceTree = "<group>"; };
		2DFE42C12B877D7400D6C702 /* LLBaseRequestModel.h */ = {isa = PBXFileReference; fileEncoding = 4; lastKnownFileType = sourcecode.c.h; path = LLBaseRequestModel.h; sourceTree = "<group>"; };
		2DFE42C32B877D7400D6C702 /* LLRequestRetryHandler.m */ = {isa = PBXFileReference; fileEncoding = 4; lastKnownFileType = sourcecode.c.objc; path = LLRequestRetryHandler.m; sourceTree = "<group>"; };
		2DFE42C42B877D7400D6C702 /* NSString+NetResponseVerify.h */ = {isa = PBXFileReference; fileEncoding = 4; lastKnownFileType = sourcecode.c.h; path = "NSString+NetResponseVerify.h"; sourceTree = "<group>"; };
		2DFE42C52B877D7400D6C702 /* LLResponseFormatter.h */ = {isa = PBXFileReference; fileEncoding = 4; lastKnownFileType = sourcecode.c.h; path = LLResponseFormatter.h; sourceTree = "<group>"; };
		2DFE42C62B877D7400D6C702 /* LLRequestDispatch.m */ = {isa = PBXFileReference; fileEncoding = 4; lastKnownFileType = sourcecode.c.objc; path = LLRequestDispatch.m; sourceTree = "<group>"; };
		2DFE42C72B877D7400D6C702 /* LLSignatureGenerator.h */ = {isa = PBXFileReference; fileEncoding = 4; lastKnownFileType = sourcecode.c.h; path = LLSignatureGenerator.h; sourceTree = "<group>"; };
		2DFE42C82B877D7400D6C702 /* LLAppContext.m */ = {isa = PBXFileReference; fileEncoding = 4; lastKnownFileType = sourcecode.c.objc; path = LLAppContext.m; sourceTree = "<group>"; };
		2DFE42C92B877D7400D6C702 /* LLBaseRequestModel.m */ = {isa = PBXFileReference; fileEncoding = 4; lastKnownFileType = sourcecode.c.objc; path = LLBaseRequestModel.m; sourceTree = "<group>"; };
		2DFE42CB2B877D7400D6C702 /* ServerConfig.h */ = {isa = PBXFileReference; fileEncoding = 4; lastKnownFileType = sourcecode.c.h; path = ServerConfig.h; sourceTree = "<group>"; };
		2DFE42CC2B877D7400D6C702 /* responseFormat.plist */ = {isa = PBXFileReference; fileEncoding = 4; lastKnownFileType = text.plist.xml; path = responseFormat.plist; sourceTree = "<group>"; };
		2DFE42CE2B877D7400D6C702 /* HttpLog.h */ = {isa = PBXFileReference; fileEncoding = 4; lastKnownFileType = sourcecode.c.h; path = HttpLog.h; sourceTree = "<group>"; };
		2DFE42CF2B877D7400D6C702 /* HttpTool.h */ = {isa = PBXFileReference; fileEncoding = 4; lastKnownFileType = sourcecode.c.h; path = HttpTool.h; sourceTree = "<group>"; };
		2DFE42D02B877D7400D6C702 /* HttpRequestTrace.plist */ = {isa = PBXFileReference; fileEncoding = 4; lastKnownFileType = text.plist.xml; path = HttpRequestTrace.plist; sourceTree = "<group>"; };
		2DFE42D12B877D7400D6C702 /* HttpLog.m */ = {isa = PBXFileReference; fileEncoding = 4; lastKnownFileType = sourcecode.c.objc; path = HttpLog.m; sourceTree = "<group>"; };
		2DFE42D22B877D7400D6C702 /* HttpTool.m */ = {isa = PBXFileReference; fileEncoding = 4; lastKnownFileType = sourcecode.c.objc; path = HttpTool.m; sourceTree = "<group>"; };
		2DFE42D42B877D7400D6C702 /* LLAPIClient.m */ = {isa = PBXFileReference; fileEncoding = 4; lastKnownFileType = sourcecode.c.objc; path = LLAPIClient.m; sourceTree = "<group>"; };
		2DFE42D62B877D7400D6C702 /* LLBaseServer.h */ = {isa = PBXFileReference; fileEncoding = 4; lastKnownFileType = sourcecode.c.h; path = LLBaseServer.h; sourceTree = "<group>"; };
		2DFE42D72B877D7400D6C702 /* LLServerFactory.h */ = {isa = PBXFileReference; fileEncoding = 4; lastKnownFileType = sourcecode.c.h; path = LLServerFactory.h; sourceTree = "<group>"; };
		2DFE42D92B877D7400D6C702 /* WXServer.m */ = {isa = PBXFileReference; fileEncoding = 4; lastKnownFileType = sourcecode.c.objc; path = WXServer.m; sourceTree = "<group>"; };
		2DFE42DA2B877D7400D6C702 /* WXServer.h */ = {isa = PBXFileReference; fileEncoding = 4; lastKnownFileType = sourcecode.c.h; path = WXServer.h; sourceTree = "<group>"; };
		2DFE42DB2B877D7400D6C702 /* LLBaseServer.m */ = {isa = PBXFileReference; fileEncoding = 4; lastKnownFileType = sourcecode.c.objc; path = LLBaseServer.m; sourceTree = "<group>"; };
		2DFE42DC2B877D7400D6C702 /* LLServerFactory.m */ = {isa = PBXFileReference; fileEncoding = 4; lastKnownFileType = sourcecode.c.objc; path = LLServerFactory.m; sourceTree = "<group>"; };
		2DFE42DD2B877D7400D6C702 /* LLAPIClient.h */ = {isa = PBXFileReference; fileEncoding = 4; lastKnownFileType = sourcecode.c.h; path = LLAPIClient.h; sourceTree = "<group>"; };
		2DFE42DF2B877D7400D6C702 /* RealReachability.h */ = {isa = PBXFileReference; fileEncoding = 4; lastKnownFileType = sourcecode.c.h; path = RealReachability.h; sourceTree = "<group>"; };
		2DFE42E12B877D7400D6C702 /* PingFoundation.h */ = {isa = PBXFileReference; fileEncoding = 4; lastKnownFileType = sourcecode.c.h; path = PingFoundation.h; sourceTree = "<group>"; };
		2DFE42E22B877D7400D6C702 /* PingHelper.h */ = {isa = PBXFileReference; fileEncoding = 4; lastKnownFileType = sourcecode.c.h; path = PingHelper.h; sourceTree = "<group>"; };
		2DFE42E32B877D7400D6C702 /* README.md */ = {isa = PBXFileReference; fileEncoding = 4; lastKnownFileType = net.daringfireball.markdown; path = README.md; sourceTree = "<group>"; };
		2DFE42E42B877D7400D6C702 /* PingFoundation.m */ = {isa = PBXFileReference; fileEncoding = 4; lastKnownFileType = sourcecode.c.objc; path = PingFoundation.m; sourceTree = "<group>"; };
		2DFE42E52B877D7400D6C702 /* PingHelper.m */ = {isa = PBXFileReference; fileEncoding = 4; lastKnownFileType = sourcecode.c.objc; path = PingHelper.m; sourceTree = "<group>"; };
		2DFE42E72B877D7400D6C702 /* LocalConnection.h */ = {isa = PBXFileReference; fileEncoding = 4; lastKnownFileType = sourcecode.c.h; path = LocalConnection.h; sourceTree = "<group>"; };
		2DFE42E82B877D7400D6C702 /* LocalConnection.m */ = {isa = PBXFileReference; fileEncoding = 4; lastKnownFileType = sourcecode.c.objc; path = LocalConnection.m; sourceTree = "<group>"; };
		2DFE42EA2B877D7400D6C702 /* FSMDefines.h */ = {isa = PBXFileReference; fileEncoding = 4; lastKnownFileType = sourcecode.c.h; path = FSMDefines.h; sourceTree = "<group>"; };
		2DFE42EB2B877D7400D6C702 /* ReachStateUnReachable.h */ = {isa = PBXFileReference; fileEncoding = 4; lastKnownFileType = sourcecode.c.h; path = ReachStateUnReachable.h; sourceTree = "<group>"; };
		2DFE42EC2B877D7400D6C702 /* ReachStateWWAN.h */ = {isa = PBXFileReference; fileEncoding = 4; lastKnownFileType = sourcecode.c.h; path = ReachStateWWAN.h; sourceTree = "<group>"; };
		2DFE42ED2B877D7400D6C702 /* ReachStateUnloaded.h */ = {isa = PBXFileReference; fileEncoding = 4; lastKnownFileType = sourcecode.c.h; path = ReachStateUnloaded.h; sourceTree = "<group>"; };
		2DFE42EE2B877D7400D6C702 /* FSMStateUtil.h */ = {isa = PBXFileReference; fileEncoding = 4; lastKnownFileType = sourcecode.c.h; path = FSMStateUtil.h; sourceTree = "<group>"; };
		2DFE42EF2B877D7400D6C702 /* FSMEngine.h */ = {isa = PBXFileReference; fileEncoding = 4; lastKnownFileType = sourcecode.c.h; path = FSMEngine.h; sourceTree = "<group>"; };
		2DFE42F02B877D7400D6C702 /* ReachStateLoading.h */ = {isa = PBXFileReference; fileEncoding = 4; lastKnownFileType = sourcecode.c.h; path = ReachStateLoading.h; sourceTree = "<group>"; };
		2DFE42F12B877D7400D6C702 /* ReachState.m */ = {isa = PBXFileReference; fileEncoding = 4; lastKnownFileType = sourcecode.c.objc; path = ReachState.m; sourceTree = "<group>"; };
		2DFE42F22B877D7400D6C702 /* ReachStateWIFI.h */ = {isa = PBXFileReference; fileEncoding = 4; lastKnownFileType = sourcecode.c.h; path = ReachStateWIFI.h; sourceTree = "<group>"; };
		2DFE42F32B877D7400D6C702 /* ReachStateUnloaded.m */ = {isa = PBXFileReference; fileEncoding = 4; lastKnownFileType = sourcecode.c.objc; path = ReachStateUnloaded.m; sourceTree = "<group>"; };
		2DFE42F42B877D7400D6C702 /* ReachStateUnReachable.m */ = {isa = PBXFileReference; fileEncoding = 4; lastKnownFileType = sourcecode.c.objc; path = ReachStateUnReachable.m; sourceTree = "<group>"; };
		2DFE42F52B877D7400D6C702 /* ReachStateWWAN.m */ = {isa = PBXFileReference; fileEncoding = 4; lastKnownFileType = sourcecode.c.objc; path = ReachStateWWAN.m; sourceTree = "<group>"; };
		2DFE42F62B877D7400D6C702 /* ReachState.h */ = {isa = PBXFileReference; fileEncoding = 4; lastKnownFileType = sourcecode.c.h; path = ReachState.h; sourceTree = "<group>"; };
		2DFE42F72B877D7400D6C702 /* ReachStateLoading.m */ = {isa = PBXFileReference; fileEncoding = 4; lastKnownFileType = sourcecode.c.objc; path = ReachStateLoading.m; sourceTree = "<group>"; };
		2DFE42F82B877D7400D6C702 /* FSMEngine.m */ = {isa = PBXFileReference; fileEncoding = 4; lastKnownFileType = sourcecode.c.objc; path = FSMEngine.m; sourceTree = "<group>"; };
		2DFE42F92B877D7400D6C702 /* FSMStateUtil.m */ = {isa = PBXFileReference; fileEncoding = 4; lastKnownFileType = sourcecode.c.objc; path = FSMStateUtil.m; sourceTree = "<group>"; };
		2DFE42FA2B877D7400D6C702 /* ReachStateWIFI.m */ = {isa = PBXFileReference; fileEncoding = 4; lastKnownFileType = sourcecode.c.objc; path = ReachStateWIFI.m; sourceTree = "<group>"; };
		2DFE42FB2B877D7400D6C702 /* RealReachability.m */ = {isa = PBXFileReference; fileEncoding = 4; lastKnownFileType = sourcecode.c.objc; path = RealReachability.m; sourceTree = "<group>"; };
		2DFE431A2B877E5F00D6C702 /* NSString+LLUUID.h */ = {isa = PBXFileReference; fileEncoding = 4; lastKnownFileType = sourcecode.c.h; path = "NSString+LLUUID.h"; sourceTree = "<group>"; };
		2DFE431B2B877E5F00D6C702 /* LLKeyChainSaver.h */ = {isa = PBXFileReference; fileEncoding = 4; lastKnownFileType = sourcecode.c.h; path = LLKeyChainSaver.h; sourceTree = "<group>"; };
		2DFE431C2B877E5F00D6C702 /* LLKeyChainSaver.m */ = {isa = PBXFileReference; fileEncoding = 4; lastKnownFileType = sourcecode.c.objc; path = LLKeyChainSaver.m; sourceTree = "<group>"; };
		2DFE431D2B877E5F00D6C702 /* NSString+LLUUID.m */ = {isa = PBXFileReference; fileEncoding = 4; lastKnownFileType = sourcecode.c.objc; path = "NSString+LLUUID.m"; sourceTree = "<group>"; };
		2DFE43212B877FB000D6C702 /* AppleServer.h */ = {isa = PBXFileReference; fileEncoding = 4; lastKnownFileType = sourcecode.c.h; path = AppleServer.h; sourceTree = "<group>"; };
		2DFE43222B877FB000D6C702 /* AppleServer.m */ = {isa = PBXFileReference; fileEncoding = 4; lastKnownFileType = sourcecode.c.objc; path = AppleServer.m; sourceTree = "<group>"; };
		7B468FAD1D5415666EE21E27 /* Pods-NetWork_Example.debug.xcconfig */ = {isa = PBXFileReference; includeInIndex = 1; lastKnownFileType = text.xcconfig; name = "Pods-NetWork_Example.debug.xcconfig"; path = "Target Support Files/Pods-NetWork_Example/Pods-NetWork_Example.debug.xcconfig"; sourceTree = "<group>"; };
		CF0959A0413E1924C9BEF813 /* Pods_NetWork_Example.framework */ = {isa = PBXFileReference; explicitFileType = wrapper.framework; includeInIndex = 0; path = Pods_NetWork_Example.framework; sourceTree = BUILT_PRODUCTS_DIR; };
		F4501D19D01D66ADF845A9D0 /* Pods-NetWork_Example.release.xcconfig */ = {isa = PBXFileReference; includeInIndex = 1; lastKnownFileType = text.xcconfig; name = "Pods-NetWork_Example.release.xcconfig"; path = "Target Support Files/Pods-NetWork_Example/Pods-NetWork_Example.release.xcconfig"; sourceTree = "<group>"; };
/* End PBXFileReference section */

/* Begin PBXFrameworksBuildPhase section */
		2D18DDB223559CC4001A5D95 /* Frameworks */ = {
			isa = PBXFrameworksBuildPhase;
			buildActionMask = 2147483647;
			files = (
				258F63316409E2BEAA91F280 /* Pods_NetWork_Example.framework in Frameworks */,
			);
			runOnlyForDeploymentPostprocessing = 0;
		};
/* End PBXFrameworksBuildPhase section */

/* Begin PBXGroup section */
		2D18DDAC23559CC4001A5D95 = {
			isa = PBXGroup;
			children = (
				2D18DE4923559FB8001A5D95 /* router */,
				2DFE42B82B877D7400D6C702 /* Network Component */,
				2D18DDB723559CC4001A5D95 /* NetWork_Example */,
				2D18DDB623559CC4001A5D95 /* Products */,
				442B1B6A4F02ED235CDF7A18 /* Pods */,
				CE2BEDBABD6DFA0BAA4779C8 /* Frameworks */,
			);
			sourceTree = "<group>";
		};
		2D18DDB623559CC4001A5D95 /* Products */ = {
			isa = PBXGroup;
			children = (
				2D18DDB523559CC4001A5D95 /* NetWork_Example.app */,
			);
			name = Products;
			sourceTree = "<group>";
		};
		2D18DDB723559CC4001A5D95 /* NetWork_Example */ = {
			isa = PBXGroup;
			children = (
				2D18DDB823559CC4001A5D95 /* AppDelegate.h */,
				2D18DDB923559CC4001A5D95 /* AppDelegate.m */,
				2D18DDBE23559CC4001A5D95 /* ViewController.h */,
				2D18DDBF23559CC4001A5D95 /* ViewController.m */,
				2D18DDC123559CC4001A5D95 /* Main.storyboard */,
				2D18DDC423559CC7001A5D95 /* Assets.xcassets */,
				2D18DDC623559CC7001A5D95 /* LaunchScreen.storyboard */,
				2D18DDC923559CC7001A5D95 /* Info.plist */,
				2D18DDCA23559CC7001A5D95 /* main.m */,
			);
			path = NetWork_Example;
			sourceTree = "<group>";
		};
		2D18DE4923559FB8001A5D95 /* router */ = {
			isa = PBXGroup;
			children = (
				2D18DE4A23559FCD001A5D95 /* LLRouterController.h */,
				2D18DE4B23559FCD001A5D95 /* LLRouterController.m */,
			);
			path = router;
			sourceTree = "<group>";
		};
		2D93E4332B8C1E2800BDFCD3 /* Request */ = {
			isa = PBXGroup;
			children = (
				2DFE42C12B877D7400D6C702 /* LLBaseRequestModel.h */,
				2DFE42C92B877D7400D6C702 /* LLBaseRequestModel.m */,
				2DFE42BE2B877D7400D6C702 /* LLRequestDispatch.h */,
				2DFE42C62B877D7400D6C702 /* LLRequestDispatch.m */,
				2DFE42C52B877D7400D6C702 /* LLResponseFormatter.h */,
				2DFE42BB2B877D7400D6C702 /* LLResponseFormatter.m */,
				2DFE42BD2B877D7400D6C702 /* LLRequestRetryHandler.h */,
				2DFE42C32B877D7400D6C702 /* LLRequestRetryHandler.m */,
			);
			path = Request;
			sourceTree = "<group>";
		};
		2DD4C96B2B88A351002D09E8 /* GreeenCloud */ = {
			isa = PBXGroup;
			children = (
				2DD4C96C2B88A351002D09E8 /* GreenCloudServer.h */,
				2DD4C96D2B88A351002D09E8 /* GreenCloudServer.m */,
			);
			path = GreeenCloud;
			sourceTree = "<group>";
		};
		2DFE42B82B877D7400D6C702 /* Network Component */ = {
			isa = PBXGroup;
			children = (
				2DFE42B92B877D7400D6C702 /* NetWork */,
				2DFE42DE2B877D7400D6C702 /* RealReachability */,
			);
			path = "Network Component";
			sourceTree = "<group>";
		};
		2DFE42B92B877D7400D6C702 /* NetWork */ = {
			isa = PBXGroup;
			children = (
				2DFE42CB2B877D7400D6C702 /* ServerConfig.h */,
				2DFE42CC2B877D7400D6C702 /* responseFormat.plist */,
				2DFE42BA2B877D7400D6C702 /* Assistant */,
				2DFE42CD2B877D7400D6C702 /* HttpTool */,
				2DFE42D32B877D7400D6C702 /* Client */,
			);
			path = NetWork;
			sourceTree = "<group>";
		};
		2DFE42BA2B877D7400D6C702 /* Assistant */ = {
			isa = PBXGroup;
			children = (
				2DFE43192B877E5F00D6C702 /* VirtualMacAdress */,
				2DFE42BC2B877D7400D6C702 /* NSString+NetResponseVerify.m */,
				2DFE42BF2B877D7400D6C702 /* LLAppContext.h */,
				2DFE42C82B877D7400D6C702 /* LLAppContext.m */,
				2DFE42C72B877D7400D6C702 /* LLSignatureGenerator.h */,
				2DFE42C02B877D7400D6C702 /* LLSignatureGenerator.m */,
				2DFE42C42B877D7400D6C702 /* NSString+NetResponseVerify.h */,
			);
			path = Assistant;
			sourceTree = "<group>";
		};
		2DFE42CD2B877D7400D6C702 /* HttpTool */ = {
			isa = PBXGroup;
			children = (
				2DFE42CE2B877D7400D6C702 /* HttpLog.h */,
				2DFE42D12B877D7400D6C702 /* HttpLog.m */,
				2DFE42CF2B877D7400D6C702 /* HttpTool.h */,
				2DFE42D22B877D7400D6C702 /* HttpTool.m */,
				2DFE42D02B877D7400D6C702 /* HttpRequestTrace.plist */,
			);
			path = HttpTool;
			sourceTree = "<group>";
		};
		2DFE42D32B877D7400D6C702 /* Client */ = {
			isa = PBXGroup;
			children = (
				2DFE42DD2B877D7400D6C702 /* LLAPIClient.h */,
				2DFE42D42B877D7400D6C702 /* LLAPIClient.m */,
				2D93E4332B8C1E2800BDFCD3 /* Request */,
				2DFE42D52B877D7400D6C702 /* Servers */,
			);
			path = Client;
			sourceTree = "<group>";
		};
		2DFE42D52B877D7400D6C702 /* Servers */ = {
			isa = PBXGroup;
			children = (
				2DFE42D62B877D7400D6C702 /* LLBaseServer.h */,
				2DFE42DB2B877D7400D6C702 /* LLBaseServer.m */,
				2DFE42D72B877D7400D6C702 /* LLServerFactory.h */,
				2DFE42DC2B877D7400D6C702 /* LLServerFactory.m */,
				2DD4C96B2B88A351002D09E8 /* GreeenCloud */,
				2DFE42D82B877D7400D6C702 /* WX */,
				2DFE43202B877FB000D6C702 /* Apple */,
			);
			path = Servers;
			sourceTree = "<group>";
		};
		2DFE42D82B877D7400D6C702 /* WX */ = {
			isa = PBXGroup;
			children = (
				2DFE42DA2B877D7400D6C702 /* WXServer.h */,
				2DFE42D92B877D7400D6C702 /* WXServer.m */,
			);
			path = WX;
			sourceTree = "<group>";
		};
		2DFE42DE2B877D7400D6C702 /* RealReachability */ = {
			isa = PBXGroup;
			children = (
				2DFE42DF2B877D7400D6C702 /* RealReachability.h */,
				2DFE42E02B877D7400D6C702 /* Ping */,
				2DFE42E62B877D7400D6C702 /* Connection */,
				2DFE42E92B877D7400D6C702 /* FSM */,
				2DFE42FB2B877D7400D6C702 /* RealReachability.m */,
			);
			path = RealReachability;
			sourceTree = "<group>";
		};
		2DFE42E02B877D7400D6C702 /* Ping */ = {
			isa = PBXGroup;
			children = (
				2DFE42E12B877D7400D6C702 /* PingFoundation.h */,
				2DFE42E22B877D7400D6C702 /* PingHelper.h */,
				2DFE42E32B877D7400D6C702 /* README.md */,
				2DFE42E42B877D7400D6C702 /* PingFoundation.m */,
				2DFE42E52B877D7400D6C702 /* PingHelper.m */,
			);
			path = Ping;
			sourceTree = "<group>";
		};
		2DFE42E62B877D7400D6C702 /* Connection */ = {
			isa = PBXGroup;
			children = (
				2DFE42E72B877D7400D6C702 /* LocalConnection.h */,
				2DFE42E82B877D7400D6C702 /* LocalConnection.m */,
			);
			path = Connection;
			sourceTree = "<group>";
		};
		2DFE42E92B877D7400D6C702 /* FSM */ = {
			isa = PBXGroup;
			children = (
				2DFE42EA2B877D7400D6C702 /* FSMDefines.h */,
				2DFE42EB2B877D7400D6C702 /* ReachStateUnReachable.h */,
				2DFE42EC2B877D7400D6C702 /* ReachStateWWAN.h */,
				2DFE42ED2B877D7400D6C702 /* ReachStateUnloaded.h */,
				2DFE42EE2B877D7400D6C702 /* FSMStateUtil.h */,
				2DFE42EF2B877D7400D6C702 /* FSMEngine.h */,
				2DFE42F02B877D7400D6C702 /* ReachStateLoading.h */,
				2DFE42F12B877D7400D6C702 /* ReachState.m */,
				2DFE42F22B877D7400D6C702 /* ReachStateWIFI.h */,
				2DFE42F32B877D7400D6C702 /* ReachStateUnloaded.m */,
				2DFE42F42B877D7400D6C702 /* ReachStateUnReachable.m */,
				2DFE42F52B877D7400D6C702 /* ReachStateWWAN.m */,
				2DFE42F62B877D7400D6C702 /* ReachState.h */,
				2DFE42F72B877D7400D6C702 /* ReachStateLoading.m */,
				2DFE42F82B877D7400D6C702 /* FSMEngine.m */,
				2DFE42F92B877D7400D6C702 /* FSMStateUtil.m */,
				2DFE42FA2B877D7400D6C702 /* ReachStateWIFI.m */,
			);
			path = FSM;
			sourceTree = "<group>";
		};
		2DFE43192B877E5F00D6C702 /* VirtualMacAdress */ = {
			isa = PBXGroup;
			children = (
				2DFE431A2B877E5F00D6C702 /* NSString+LLUUID.h */,
				2DFE431D2B877E5F00D6C702 /* NSString+LLUUID.m */,
				2DFE431B2B877E5F00D6C702 /* LLKeyChainSaver.h */,
				2DFE431C2B877E5F00D6C702 /* LLKeyChainSaver.m */,
			);
			path = VirtualMacAdress;
			sourceTree = "<group>";
		};
		2DFE43202B877FB000D6C702 /* Apple */ = {
			isa = PBXGroup;
			children = (
				2DFE43212B877FB000D6C702 /* AppleServer.h */,
				2DFE43222B877FB000D6C702 /* AppleServer.m */,
			);
			path = Apple;
			sourceTree = "<group>";
		};
		442B1B6A4F02ED235CDF7A18 /* Pods */ = {
			isa = PBXGroup;
			children = (
				7B468FAD1D5415666EE21E27 /* Pods-NetWork_Example.debug.xcconfig */,
				F4501D19D01D66ADF845A9D0 /* Pods-NetWork_Example.release.xcconfig */,
			);
			path = Pods;
			sourceTree = "<group>";
		};
		CE2BEDBABD6DFA0BAA4779C8 /* Frameworks */ = {
			isa = PBXGroup;
			children = (
				CF0959A0413E1924C9BEF813 /* Pods_NetWork_Example.framework */,
			);
			name = Frameworks;
			sourceTree = "<group>";
		};
/* End PBXGroup section */

/* Begin PBXNativeTarget section */
		2D18DDB423559CC4001A5D95 /* NetWork_Example */ = {
			isa = PBXNativeTarget;
			buildConfigurationList = 2D18DDCE23559CC7001A5D95 /* Build configuration list for PBXNativeTarget "NetWork_Example" */;
			buildPhases = (
				14B276354465501590764462 /* [CP] Check Pods Manifest.lock */,
				2D18DDB123559CC4001A5D95 /* Sources */,
				2D18DDB223559CC4001A5D95 /* Frameworks */,
				2D18DDB323559CC4001A5D95 /* Resources */,
				1E877EB9B92044DE65ACCC01 /* [CP] Embed Pods Frameworks */,
			);
			buildRules = (
			);
			dependencies = (
			);
			name = NetWork_Example;
			productName = NetWork_Example;
			productReference = 2D18DDB523559CC4001A5D95 /* NetWork_Example.app */;
			productType = "com.apple.product-type.application";
		};
/* End PBXNativeTarget section */

/* Begin PBXProject section */
		2D18DDAD23559CC4001A5D95 /* Project object */ = {
			isa = PBXProject;
			attributes = {
				LastUpgradeCheck = 1100;
				ORGANIZATIONNAME = Liujiang;
				TargetAttributes = {
					2D18DDB423559CC4001A5D95 = {
						CreatedOnToolsVersion = 11.0;
					};
				};
			};
			buildConfigurationList = 2D18DDB023559CC4001A5D95 /* Build configuration list for PBXProject "NetWork_Example" */;
			compatibilityVersion = "Xcode 9.3";
			developmentRegion = en;
			hasScannedForEncodings = 0;
			knownRegions = (
				en,
				Base,
			);
			mainGroup = 2D18DDAC23559CC4001A5D95;
			productRefGroup = 2D18DDB623559CC4001A5D95 /* Products */;
			projectDirPath = "";
			projectRoot = "";
			targets = (
				2D18DDB423559CC4001A5D95 /* NetWork_Example */,
			);
		};
/* End PBXProject section */

/* Begin PBXResourcesBuildPhase section */
		2D18DDB323559CC4001A5D95 /* Resources */ = {
			isa = PBXResourcesBuildPhase;
			buildActionMask = 2147483647;
			files = (
				2DFE430C2B877D7400D6C702 /* README.md in Resources */,
				2D18DDC823559CC7001A5D95 /* LaunchScreen.storyboard in Resources */,
				2DFE43052B877D7400D6C702 /* HttpRequestTrace.plist in Resources */,
				2D18DDC523559CC7001A5D95 /* Assets.xcassets in Resources */,
				2DFE43042B877D7400D6C702 /* responseFormat.plist in Resources */,
				2D18DDC323559CC4001A5D95 /* Main.storyboard in Resources */,
			);
			runOnlyForDeploymentPostprocessing = 0;
		};
/* End PBXResourcesBuildPhase section */

/* Begin PBXShellScriptBuildPhase section */
		14B276354465501590764462 /* [CP] Check Pods Manifest.lock */ = {
			isa = PBXShellScriptBuildPhase;
			buildActionMask = 2147483647;
			files = (
			);
			inputFileListPaths = (
			);
			inputPaths = (
				"${PODS_PODFILE_DIR_PATH}/Podfile.lock",
				"${PODS_ROOT}/Manifest.lock",
			);
			name = "[CP] Check Pods Manifest.lock";
			outputFileListPaths = (
			);
			outputPaths = (
				"$(DERIVED_FILE_DIR)/Pods-NetWork_Example-checkManifestLockResult.txt",
			);
			runOnlyForDeploymentPostprocessing = 0;
			shellPath = /bin/sh;
			shellScript = "diff \"${PODS_PODFILE_DIR_PATH}/Podfile.lock\" \"${PODS_ROOT}/Manifest.lock\" > /dev/null\nif [ $? != 0 ] ; then\n    # print error to STDERR\n    echo \"error: The sandbox is not in sync with the Podfile.lock. Run 'pod install' or update your CocoaPods installation.\" >&2\n    exit 1\nfi\n# This output is used by Xcode 'outputs' to avoid re-running this script phase.\necho \"SUCCESS\" > \"${SCRIPT_OUTPUT_FILE_0}\"\n";
			showEnvVarsInLog = 0;
		};
		1E877EB9B92044DE65ACCC01 /* [CP] Embed Pods Frameworks */ = {
			isa = PBXShellScriptBuildPhase;
			buildActionMask = 2147483647;
			files = (
			);
			inputFileListPaths = (
				"${PODS_ROOT}/Target Support Files/Pods-NetWork_Example/Pods-NetWork_Example-frameworks-${CONFIGURATION}-input-files.xcfilelist",
			);
			name = "[CP] Embed Pods Frameworks";
			outputFileListPaths = (
				"${PODS_ROOT}/Target Support Files/Pods-NetWork_Example/Pods-NetWork_Example-frameworks-${CONFIGURATION}-output-files.xcfilelist",
			);
			runOnlyForDeploymentPostprocessing = 0;
			shellPath = /bin/sh;
			shellScript = "\"${PODS_ROOT}/Target Support Files/Pods-NetWork_Example/Pods-NetWork_Example-frameworks.sh\"\n";
			showEnvVarsInLog = 0;
		};
/* End PBXShellScriptBuildPhase section */

/* Begin PBXSourcesBuildPhase section */
		2D18DDB123559CC4001A5D95 /* Sources */ = {
			isa = PBXSourcesBuildPhase;
			buildActionMask = 2147483647;
			files = (
				2DFE431E2B877E5F00D6C702 /* LLKeyChainSaver.m in Sources */,
				2DFE43032B877D7400D6C702 /* LLBaseRequestModel.m in Sources */,
				2DFE430D2B877D7500D6C702 /* PingFoundation.m in Sources */,
				2DFE43162B877D7500D6C702 /* FSMStateUtil.m in Sources */,
				2DFE431F2B877E5F00D6C702 /* NSString+LLUUID.m in Sources */,
				2DFE43022B877D7400D6C702 /* LLAppContext.m in Sources */,
				2DFE430F2B877D7500D6C702 /* LocalConnection.m in Sources */,
				2DFE43012B877D7400D6C702 /* LLRequestDispatch.m in Sources */,
				2D18DE4C23559FCD001A5D95 /* LLRouterController.m in Sources */,
				2DFE43182B877D7500D6C702 /* RealReachability.m in Sources */,
				2DFE42FE2B877D7400D6C702 /* LLSignatureGenerator.m in Sources */,
				2DFE430A2B877D7400D6C702 /* LLBaseServer.m in Sources */,
				2DFE43152B877D7500D6C702 /* FSMEngine.m in Sources */,
				2D18DDC023559CC4001A5D95 /* ViewController.m in Sources */,
				2DFE43232B877FB000D6C702 /* AppleServer.m in Sources */,
				2DFE43132B877D7500D6C702 /* ReachStateWWAN.m in Sources */,
				2DFE430E2B877D7500D6C702 /* PingHelper.m in Sources */,
				2DFE42FC2B877D7400D6C702 /* LLResponseFormatter.m in Sources */,
				2DFE43112B877D7500D6C702 /* ReachStateUnloaded.m in Sources */,
				2D18DDBA23559CC4001A5D95 /* AppDelegate.m in Sources */,
				2DD4C96E2B88A351002D09E8 /* GreenCloudServer.m in Sources */,
				2DFE43082B877D7400D6C702 /* LLAPIClient.m in Sources */,
				2D18DDCB23559CC7001A5D95 /* main.m in Sources */,
				2DFE43122B877D7500D6C702 /* ReachStateUnReachable.m in Sources */,
				2DFE43092B877D7400D6C702 /* WXServer.m in Sources */,
				2DFE430B2B877D7400D6C702 /* LLServerFactory.m in Sources */,
				2DFE42FD2B877D7400D6C702 /* NSString+NetResponseVerify.m in Sources */,
				2DFE43062B877D7400D6C702 /* HttpLog.m in Sources */,
				2DFE43102B877D7500D6C702 /* ReachState.m in Sources */,
				2DFE43002B877D7400D6C702 /* LLRequestRetryHandler.m in Sources */,
				2DFE43142B877D7500D6C702 /* ReachStateLoading.m in Sources */,
				2DFE43072B877D7400D6C702 /* HttpTool.m in Sources */,
				2DFE43172B877D7500D6C702 /* ReachStateWIFI.m in Sources */,
			);
			runOnlyForDeploymentPostprocessing = 0;
		};
/* End PBXSourcesBuildPhase section */

/* Begin PBXVariantGroup section */
		2D18DDC123559CC4001A5D95 /* Main.storyboard */ = {
			isa = PBXVariantGroup;
			children = (
				2D18DDC223559CC4001A5D95 /* Base */,
			);
			name = Main.storyboard;
			sourceTree = "<group>";
		};
		2D18DDC623559CC7001A5D95 /* LaunchScreen.storyboard */ = {
			isa = PBXVariantGroup;
			children = (
				2D18DDC723559CC7001A5D95 /* Base */,
			);
			name = LaunchScreen.storyboard;
			sourceTree = "<group>";
		};
/* End PBXVariantGroup section */

/* Begin XCBuildConfiguration section */
		2D18DDCC23559CC7001A5D95 /* Debug */ = {
			isa = XCBuildConfiguration;
			buildSettings = {
				ALWAYS_SEARCH_USER_PATHS = NO;
				CLANG_ANALYZER_NONNULL = YES;
				CLANG_ANALYZER_NUMBER_OBJECT_CONVERSION = YES_AGGRESSIVE;
				CLANG_CXX_LANGUAGE_STANDARD = "gnu++14";
				CLANG_CXX_LIBRARY = "libc++";
				CLANG_ENABLE_MODULES = YES;
				CLANG_ENABLE_OBJC_ARC = YES;
				CLANG_ENABLE_OBJC_WEAK = YES;
				CLANG_WARN_BLOCK_CAPTURE_AUTORELEASING = YES;
				CLANG_WARN_BOOL_CONVERSION = YES;
				CLANG_WARN_COMMA = YES;
				CLANG_WARN_CONSTANT_CONVERSION = YES;
				CLANG_WARN_DEPRECATED_OBJC_IMPLEMENTATIONS = YES;
				CLANG_WARN_DIRECT_OBJC_ISA_USAGE = YES_ERROR;
				CLANG_WARN_DOCUMENTATION_COMMENTS = YES;
				CLANG_WARN_EMPTY_BODY = YES;
				CLANG_WARN_ENUM_CONVERSION = YES;
				CLANG_WARN_INFINITE_RECURSION = YES;
				CLANG_WARN_INT_CONVERSION = YES;
				CLANG_WARN_NON_LITERAL_NULL_CONVERSION = YES;
				CLANG_WARN_OBJC_IMPLICIT_RETAIN_SELF = YES;
				CLANG_WARN_OBJC_LITERAL_CONVERSION = YES;
				CLANG_WARN_OBJC_ROOT_CLASS = YES_ERROR;
				CLANG_WARN_RANGE_LOOP_ANALYSIS = YES;
				CLANG_WARN_STRICT_PROTOTYPES = YES;
				CLANG_WARN_SUSPICIOUS_MOVE = YES;
				CLANG_WARN_UNGUARDED_AVAILABILITY = YES_AGGRESSIVE;
				CLANG_WARN_UNREACHABLE_CODE = YES;
				CLANG_WARN__DUPLICATE_METHOD_MATCH = YES;
				COPY_PHASE_STRIP = NO;
				DEBUG_INFORMATION_FORMAT = dwarf;
				ENABLE_STRICT_OBJC_MSGSEND = YES;
				ENABLE_TESTABILITY = YES;
				GCC_C_LANGUAGE_STANDARD = gnu11;
				GCC_DYNAMIC_NO_PIC = NO;
				GCC_NO_COMMON_BLOCKS = YES;
				GCC_OPTIMIZATION_LEVEL = 0;
				GCC_PREPROCESSOR_DEFINITIONS = (
					"DEBUG=1",
					"$(inherited)",
				);
				GCC_WARN_64_TO_32_BIT_CONVERSION = YES;
				GCC_WARN_ABOUT_RETURN_TYPE = YES_ERROR;
				GCC_WARN_UNDECLARED_SELECTOR = YES;
				GCC_WARN_UNINITIALIZED_AUTOS = YES_AGGRESSIVE;
				GCC_WARN_UNUSED_FUNCTION = YES;
				GCC_WARN_UNUSED_VARIABLE = YES;
				IPHONEOS_DEPLOYMENT_TARGET = 13.0;
				MTL_ENABLE_DEBUG_INFO = INCLUDE_SOURCE;
				MTL_FAST_MATH = YES;
				ONLY_ACTIVE_ARCH = YES;
				SDKROOT = iphoneos;
			};
			name = Debug;
		};
		2D18DDCD23559CC7001A5D95 /* Release */ = {
			isa = XCBuildConfiguration;
			buildSettings = {
				ALWAYS_SEARCH_USER_PATHS = NO;
				CLANG_ANALYZER_NONNULL = YES;
				CLANG_ANALYZER_NUMBER_OBJECT_CONVERSION = YES_AGGRESSIVE;
				CLANG_CXX_LANGUAGE_STANDARD = "gnu++14";
				CLANG_CXX_LIBRARY = "libc++";
				CLANG_ENABLE_MODULES = YES;
				CLANG_ENABLE_OBJC_ARC = YES;
				CLANG_ENABLE_OBJC_WEAK = YES;
				CLANG_WARN_BLOCK_CAPTURE_AUTORELEASING = YES;
				CLANG_WARN_BOOL_CONVERSION = YES;
				CLANG_WARN_COMMA = YES;
				CLANG_WARN_CONSTANT_CONVERSION = YES;
				CLANG_WARN_DEPRECATED_OBJC_IMPLEMENTATIONS = YES;
				CLANG_WARN_DIRECT_OBJC_ISA_USAGE = YES_ERROR;
				CLANG_WARN_DOCUMENTATION_COMMENTS = YES;
				CLANG_WARN_EMPTY_BODY = YES;
				CLANG_WARN_ENUM_CONVERSION = YES;
				CLANG_WARN_INFINITE_RECURSION = YES;
				CLANG_WARN_INT_CONVERSION = YES;
				CLANG_WARN_NON_LITERAL_NULL_CONVERSION = YES;
				CLANG_WARN_OBJC_IMPLICIT_RETAIN_SELF = YES;
				CLANG_WARN_OBJC_LITERAL_CONVERSION = YES;
				CLANG_WARN_OBJC_ROOT_CLASS = YES_ERROR;
				CLANG_WARN_RANGE_LOOP_ANALYSIS = YES;
				CLANG_WARN_STRICT_PROTOTYPES = YES;
				CLANG_WARN_SUSPICIOUS_MOVE = YES;
				CLANG_WARN_UNGUARDED_AVAILABILITY = YES_AGGRESSIVE;
				CLANG_WARN_UNREACHABLE_CODE = YES;
				CLANG_WARN__DUPLICATE_METHOD_MATCH = YES;
				COPY_PHASE_STRIP = NO;
				DEBUG_INFORMATION_FORMAT = "dwarf-with-dsym";
				ENABLE_NS_ASSERTIONS = NO;
				ENABLE_STRICT_OBJC_MSGSEND = YES;
				GCC_C_LANGUAGE_STANDARD = gnu11;
				GCC_NO_COMMON_BLOCKS = YES;
				GCC_WARN_64_TO_32_BIT_CONVERSION = YES;
				GCC_WARN_ABOUT_RETURN_TYPE = YES_ERROR;
				GCC_WARN_UNDECLARED_SELECTOR = YES;
				GCC_WARN_UNINITIALIZED_AUTOS = YES_AGGRESSIVE;
				GCC_WARN_UNUSED_FUNCTION = YES;
				GCC_WARN_UNUSED_VARIABLE = YES;
				IPHONEOS_DEPLOYMENT_TARGET = 13.0;
				MTL_ENABLE_DEBUG_INFO = NO;
				MTL_FAST_MATH = YES;
				SDKROOT = iphoneos;
				VALIDATE_PRODUCT = YES;
			};
			name = Release;
		};
		2D18DDCF23559CC7001A5D95 /* Debug */ = {
			isa = XCBuildConfiguration;
			baseConfigurationReference = 7B468FAD1D5415666EE21E27 /* Pods-NetWork_Example.debug.xcconfig */;
			buildSettings = {
				ASSETCATALOG_COMPILER_APPICON_NAME = AppIcon;
				"CODE_SIGN_IDENTITY[sdk=iphoneos*]" = "iPhone Developer";
				CODE_SIGN_STYLE = Manual;
				DEVELOPMENT_TEAM = "";
				"DEVELOPMENT_TEAM[sdk=iphoneos*]" = 4DRLM9LM74;
				INFOPLIST_FILE = NetWork_Example/Info.plist;
				IPHONEOS_DEPLOYMENT_TARGET = 9.0;
				LD_RUNPATH_SEARCH_PATHS = (
					"$(inherited)",
					"@executable_path/Frameworks",
				);
				PRODUCT_BUNDLE_IDENTIFIER = "com.liujiang.wildcard-";
				PRODUCT_NAME = "$(TARGET_NAME)";
				PROVISIONING_PROFILE_SPECIFIER = "";
				"PROVISIONING_PROFILE_SPECIFIER[sdk=iphoneos*]" = uninversal;
				TARGETED_DEVICE_FAMILY = "1,2";
			};
			name = Debug;
		};
		2D18DDD023559CC7001A5D95 /* Release */ = {
			isa = XCBuildConfiguration;
			baseConfigurationReference = F4501D19D01D66ADF845A9D0 /* Pods-NetWork_Example.release.xcconfig */;
			buildSettings = {
				ASSETCATALOG_COMPILER_APPICON_NAME = AppIcon;
				"CODE_SIGN_IDENTITY[sdk=iphoneos*]" = "iPhone Developer";
				CODE_SIGN_STYLE = Manual;
				DEVELOPMENT_TEAM = "";
				"DEVELOPMENT_TEAM[sdk=iphoneos*]" = 4DRLM9LM74;
				INFOPLIST_FILE = NetWork_Example/Info.plist;
				IPHONEOS_DEPLOYMENT_TARGET = 9.0;
				LD_RUNPATH_SEARCH_PATHS = (
					"$(inherited)",
					"@executable_path/Frameworks",
				);
				PRODUCT_BUNDLE_IDENTIFIER = "com.liujiang.wildcard-";
				PRODUCT_NAME = "$(TARGET_NAME)";
				PROVISIONING_PROFILE_SPECIFIER = "";
				"PROVISIONING_PROFILE_SPECIFIER[sdk=iphoneos*]" = uninversal;
				TARGETED_DEVICE_FAMILY = "1,2";
			};
			name = Release;
		};
/* End XCBuildConfiguration section */

/* Begin XCConfigurationList section */
		2D18DDB023559CC4001A5D95 /* Build configuration list for PBXProject "NetWork_Example" */ = {
			isa = XCConfigurationList;
			buildConfigurations = (
				2D18DDCC23559CC7001A5D95 /* Debug */,
				2D18DDCD23559CC7001A5D95 /* Release */,
			);
			defaultConfigurationIsVisible = 0;
			defaultConfigurationName = Release;
		};
		2D18DDCE23559CC7001A5D95 /* Build configuration list for PBXNativeTarget "NetWork_Example" */ = {
			isa = XCConfigurationList;
			buildConfigurations = (
				2D18DDCF23559CC7001A5D95 /* Debug */,
				2D18DDD023559CC7001A5D95 /* Release */,
			);
			defaultConfigurationIsVisible = 0;
			defaultConfigurationName = Release;
		};
/* End XCConfigurationList section */
	};
	rootObject = 2D18DDAD23559CC4001A5D95 /* Project object */;
}
